
Microsoft Visual Studio Solution File, Format Version 12.00
# Visual Studio Version 17
VisualStudioVersion = 17.9.34728.123
MinimumVisualStudioVersion = 10.0.40219.1
Project("{FAE04EC0-301F-11D3-BF4B-00C04F79EFBC}") = "Wpfkol3", "Wpfkol3\Wpfkol3.csproj", "{3FD559C1-F274-42BA-9DBB-CEBBBBEDCC7D}"
EndProject
Project("{FAE04EC0-301F-11D3-BF4B-00C04F79EFBC}") = "Faktury", "Faktury\Faktury.csproj", "{52BAFDD5-F129-4A57-9ABE-5F388BABF2A0}"
EndProject
Global
	GlobalSection(SolutionConfigurationPlatforms) = preSolution
		Debug|Any CPU = Debug|Any CPU
		Release|Any CPU = Release|Any CPU
	EndGlobalSection
	GlobalSection(ProjectConfigurationPlatforms) = postSolution
		{3FD559C1-F274-42BA-9DBB-CEBBBBEDCC7D}.Debug|Any CPU.ActiveCfg = Debug|Any CPU
		{3FD559C1-F274-42BA-9DBB-CEBBBBEDCC7D}.Debug|Any CPU.Build.0 = Debug|Any CPU
		{3FD559C1-F274-42BA-9DBB-CEBBBBEDCC7D}.Release|Any CPU.ActiveCfg = Release|Any CPU
		{3FD559C1-F274-42BA-9DBB-CEBBBBEDCC7D}.Release|Any CPU.Build.0 = Release|Any CPU
		{52BAFDD5-F129-4A57-9ABE-5F388BABF2A0}.Debug|Any CPU.ActiveCfg = Debug|Any CPU
		{52BAFDD5-F129-4A57-9ABE-5F388BABF2A0}.Debug|Any CPU.Build.0 = Debug|Any CPU
		{52BAFDD5-F129-4A57-9ABE-5F388BABF2A0}.Release|Any CPU.ActiveCfg = Release|Any CPU
		{52BAFDD5-F129-4A57-9ABE-5F388BABF2A0}.Release|Any CPU.Build.0 = Release|Any CPU
	EndGlobalSection
	GlobalSection(SolutionProperties) = preSolution
		HideSolutionNode = FALSE
	EndGlobalSection
	GlobalSection(ExtensibilityGlobals) = postSolution
		SolutionGuid = {175DF32D-59E3-41E8-AD3B-09D870C24EAD}
	EndGlobalSection
EndGlobal
