
Microsoft Visual Studio Solution File, Format Version 12.00
# Visual Studio Version 17
VisualStudioVersion = 17.9.34728.123
MinimumVisualStudioVersion = 10.0.40219.1
Project("{FAE04EC0-301F-11D3-BF4B-00C04F79EFBC}") = "kolos1GF", "kolos1GF\kolos1GF.csproj", "{7A60A1A5-C2F7-4F2E-A9F8-91591AD062F2}"
EndProject
Global
	GlobalSection(SolutionConfigurationPlatforms) = preSolution
		Debug|Any CPU = Debug|Any CPU
		Release|Any CPU = Release|Any CPU
	EndGlobalSection
	GlobalSection(ProjectConfigurationPlatforms) = postSolution
		{7A60A1A5-C2F7-4F2E-A9F8-91591AD062F2}.Debug|Any CPU.ActiveCfg = Debug|Any CPU
		{7A60A1A5-C2F7-4F2E-A9F8-91591AD062F2}.Debug|Any CPU.Build.0 = Debug|Any CPU
		{7A60A1A5-C2F7-4F2E-A9F8-91591AD062F2}.Release|Any CPU.ActiveCfg = Release|Any CPU
		{7A60A1A5-C2F7-4F2E-A9F8-91591AD062F2}.Release|Any CPU.Build.0 = Release|Any CPU
	EndGlobalSection
	GlobalSection(SolutionProperties) = preSolution
		HideSolutionNode = FALSE
	EndGlobalSection
	GlobalSection(ExtensibilityGlobals) = postSolution
		SolutionGuid = {7E4BAA8A-950B-4D1E-832E-044A8F5A5EA7}
	EndGlobalSection
EndGlobal
