
Microsoft Visual Studio Solution File, Format Version 12.00
# Visual Studio Version 17
VisualStudioVersion = 17.9.34728.123
MinimumVisualStudioVersion = 10.0.40219.1
Project("{FAE04EC0-301F-11D3-BF4B-00C04F79EFBC}") = "Geometria", "Geometria.csproj", "{444DD340-6E81-4611-9E4C-1E092EFA6BAB}"
EndProject
Project("{FAE04EC0-301F-11D3-BF4B-00C04F79EFBC}") = "TestDlaGeometri", "..\TestDlaGeometri\TestDlaGeometri.csproj", "{7DFAB875-FF84-4947-AEA4-220A535094E0}"
EndProject
Global
	GlobalSection(SolutionConfigurationPlatforms) = preSolution
		Debug|Any CPU = Debug|Any CPU
		Release|Any CPU = Release|Any CPU
	EndGlobalSection
	GlobalSection(ProjectConfigurationPlatforms) = postSolution
		{444DD340-6E81-4611-9E4C-1E092EFA6BAB}.Debug|Any CPU.ActiveCfg = Debug|Any CPU
		{444DD340-6E81-4611-9E4C-1E092EFA6BAB}.Debug|Any CPU.Build.0 = Debug|Any CPU
		{444DD340-6E81-4611-9E4C-1E092EFA6BAB}.Release|Any CPU.ActiveCfg = Release|Any CPU
		{444DD340-6E81-4611-9E4C-1E092EFA6BAB}.Release|Any CPU.Build.0 = Release|Any CPU
		{7DFAB875-FF84-4947-AEA4-220A535094E0}.Debug|Any CPU.ActiveCfg = Debug|Any CPU
		{7DFAB875-FF84-4947-AEA4-220A535094E0}.Debug|Any CPU.Build.0 = Debug|Any CPU
		{7DFAB875-FF84-4947-AEA4-220A535094E0}.Release|Any CPU.ActiveCfg = Release|Any CPU
		{7DFAB875-FF84-4947-AEA4-220A535094E0}.Release|Any CPU.Build.0 = Release|Any CPU
	EndGlobalSection
	GlobalSection(SolutionProperties) = preSolution
		HideSolutionNode = FALSE
	EndGlobalSection
	GlobalSection(ExtensibilityGlobals) = postSolution
		SolutionGuid = {6D2B4ABB-CBAE-46E8-B91E-3311F1878E11}
	EndGlobalSection
EndGlobal
