
Microsoft Visual Studio Solution File, Format Version 12.00
# Visual Studio Version 17
VisualStudioVersion = 17.9.34728.123
MinimumVisualStudioVersion = 10.0.40219.1
Project("{FAE04EC0-301F-11D3-BF4B-00C04F79EFBC}") = "Wpflab8", "Wpflab8\Wpflab8.csproj", "{5FE0356F-08BC-4781-8D3D-759CDA7E5059}"
EndProject
Global
	GlobalSection(SolutionConfigurationPlatforms) = preSolution
		Debug|Any CPU = Debug|Any CPU
		Release|Any CPU = Release|Any CPU
	EndGlobalSection
	GlobalSection(ProjectConfigurationPlatforms) = postSolution
		{5FE0356F-08BC-4781-8D3D-759CDA7E5059}.Debug|Any CPU.ActiveCfg = Debug|Any CPU
		{5FE0356F-08BC-4781-8D3D-759CDA7E5059}.Debug|Any CPU.Build.0 = Debug|Any CPU
		{5FE0356F-08BC-4781-8D3D-759CDA7E5059}.Release|Any CPU.ActiveCfg = Release|Any CPU
		{5FE0356F-08BC-4781-8D3D-759CDA7E5059}.Release|Any CPU.Build.0 = Release|Any CPU
	EndGlobalSection
	GlobalSection(SolutionProperties) = preSolution
		HideSolutionNode = FALSE
	EndGlobalSection
	GlobalSection(ExtensibilityGlobals) = postSolution
		SolutionGuid = {861BDCC6-EDB9-4BAD-B23B-4593100CF9D6}
	EndGlobalSection
EndGlobal
