
Microsoft Visual Studio Solution File, Format Version 12.00
# Visual Studio Version 17
VisualStudioVersion = 17.9.34728.123
MinimumVisualStudioVersion = 10.0.40219.1
Project("{FAE04EC0-301F-11D3-BF4B-00C04F79EFBC}") = "lab2_D", "lab2_D\lab2_D.csproj", "{A78B6047-3F7A-4F5E-8217-055D7A10FADE}"
EndProject
Global
	GlobalSection(SolutionConfigurationPlatforms) = preSolution
		Debug|Any CPU = Debug|Any CPU
		Release|Any CPU = Release|Any CPU
	EndGlobalSection
	GlobalSection(ProjectConfigurationPlatforms) = postSolution
		{A78B6047-3F7A-4F5E-8217-055D7A10FADE}.Debug|Any CPU.ActiveCfg = Debug|Any CPU
		{A78B6047-3F7A-4F5E-8217-055D7A10FADE}.Debug|Any CPU.Build.0 = Debug|Any CPU
		{A78B6047-3F7A-4F5E-8217-055D7A10FADE}.Release|Any CPU.ActiveCfg = Release|Any CPU
		{A78B6047-3F7A-4F5E-8217-055D7A10FADE}.Release|Any CPU.Build.0 = Release|Any CPU
	EndGlobalSection
	GlobalSection(SolutionProperties) = preSolution
		HideSolutionNode = FALSE
	EndGlobalSection
	GlobalSection(ExtensibilityGlobals) = postSolution
		SolutionGuid = {19AC9478-FCA6-4229-9C93-93840E02FD9E}
	EndGlobalSection
EndGlobal
