
Microsoft Visual Studio Solution File, Format Version 12.00
# Visual Studio Version 17
VisualStudioVersion = 17.9.34728.123
MinimumVisualStudioVersion = 10.0.40219.1
Project("{FAE04EC0-301F-11D3-BF4B-00C04F79EFBC}") = "WpfKOL5", "WpfKOL5\WpfKOL5.csproj", "{E2B8EC8B-4832-4910-B412-D6C27F1175E8}"
EndProject
Global
	GlobalSection(SolutionConfigurationPlatforms) = preSolution
		Debug|Any CPU = Debug|Any CPU
		Release|Any CPU = Release|Any CPU
	EndGlobalSection
	GlobalSection(ProjectConfigurationPlatforms) = postSolution
		{E2B8EC8B-4832-4910-B412-D6C27F1175E8}.Debug|Any CPU.ActiveCfg = Debug|Any CPU
		{E2B8EC8B-4832-4910-B412-D6C27F1175E8}.Debug|Any CPU.Build.0 = Debug|Any CPU
		{E2B8EC8B-4832-4910-B412-D6C27F1175E8}.Release|Any CPU.ActiveCfg = Release|Any CPU
		{E2B8EC8B-4832-4910-B412-D6C27F1175E8}.Release|Any CPU.Build.0 = Release|Any CPU
	EndGlobalSection
	GlobalSection(SolutionProperties) = preSolution
		HideSolutionNode = FALSE
	EndGlobalSection
	GlobalSection(ExtensibilityGlobals) = postSolution
		SolutionGuid = {67039815-D557-4D91-9FC4-974B46F475DB}
	EndGlobalSection
EndGlobal
