
Microsoft Visual Studio Solution File, Format Version 12.00
# Visual Studio Version 17
VisualStudioVersion = 17.9.34728.123
MinimumVisualStudioVersion = 10.0.40219.1
Project("{FAE04EC0-301F-11D3-BF4B-00C04F79EFBC}") = "Wpflab4", "Wpflab4\Wpflab4.csproj", "{F411F31A-F1D8-4415-8E6E-8391B619942D}"
EndProject
Global
	GlobalSection(SolutionConfigurationPlatforms) = preSolution
		Debug|Any CPU = Debug|Any CPU
		Release|Any CPU = Release|Any CPU
	EndGlobalSection
	GlobalSection(ProjectConfigurationPlatforms) = postSolution
		{F411F31A-F1D8-4415-8E6E-8391B619942D}.Debug|Any CPU.ActiveCfg = Debug|Any CPU
		{F411F31A-F1D8-4415-8E6E-8391B619942D}.Debug|Any CPU.Build.0 = Debug|Any CPU
		{F411F31A-F1D8-4415-8E6E-8391B619942D}.Release|Any CPU.ActiveCfg = Release|Any CPU
		{F411F31A-F1D8-4415-8E6E-8391B619942D}.Release|Any CPU.Build.0 = Release|Any CPU
	EndGlobalSection
	GlobalSection(SolutionProperties) = preSolution
		HideSolutionNode = FALSE
	EndGlobalSection
	GlobalSection(ExtensibilityGlobals) = postSolution
		SolutionGuid = {EF8A52D6-4067-4613-A75E-60D965631798}
	EndGlobalSection
EndGlobal
