
Microsoft Visual Studio Solution File, Format Version 12.00
# Visual Studio Version 17
VisualStudioVersion = 17.9.34728.123
MinimumVisualStudioVersion = 10.0.40219.1
Project("{FAE04EC0-301F-11D3-BF4B-00C04F79EFBC}") = "lab2_E", "lab2_E\lab2_E.csproj", "{32AA58A8-570C-4E77-9FC6-114A5CB513EC}"
EndProject
Global
	GlobalSection(SolutionConfigurationPlatforms) = preSolution
		Debug|Any CPU = Debug|Any CPU
		Release|Any CPU = Release|Any CPU
	EndGlobalSection
	GlobalSection(ProjectConfigurationPlatforms) = postSolution
		{32AA58A8-570C-4E77-9FC6-114A5CB513EC}.Debug|Any CPU.ActiveCfg = Debug|Any CPU
		{32AA58A8-570C-4E77-9FC6-114A5CB513EC}.Debug|Any CPU.Build.0 = Debug|Any CPU
		{32AA58A8-570C-4E77-9FC6-114A5CB513EC}.Release|Any CPU.ActiveCfg = Release|Any CPU
		{32AA58A8-570C-4E77-9FC6-114A5CB513EC}.Release|Any CPU.Build.0 = Release|Any CPU
	EndGlobalSection
	GlobalSection(SolutionProperties) = preSolution
		HideSolutionNode = FALSE
	EndGlobalSection
	GlobalSection(ExtensibilityGlobals) = postSolution
		SolutionGuid = {65AE5908-E581-4EE1-A2C0-383D20050AA6}
	EndGlobalSection
EndGlobal
